
Microsoft Visual Studio Solution File, Format Version 12.00
# Visual Studio Version 17
VisualStudioVersion = 17.0.32112.339
MinimumVisualStudioVersion = 10.0.40219.1
Project("{FAE04EC0-301F-11D3-BF4B-00C04F79EFBC}") = "CSharp Practice", "CSharp Practice\CSharp Practice.csproj", "{1248C329-6CC4-4E29-830A-92C8FC0F3823}"
EndProject
Project("{FAE04EC0-301F-11D3-BF4B-00C04F79EFBC}") = "Problems", "Problems\Problems.csproj", "{606F484E-F0C0-4D6D-A4C0-67A124F16186}"
EndProject
Global
	GlobalSection(SolutionConfigurationPlatforms) = preSolution
		Debug|Any CPU = Debug|Any CPU
		Release|Any CPU = Release|Any CPU
	EndGlobalSection
	GlobalSection(ProjectConfigurationPlatforms) = postSolution
		{1248C329-6CC4-4E29-830A-92C8FC0F3823}.Debug|Any CPU.ActiveCfg = Debug|Any CPU
		{1248C329-6CC4-4E29-830A-92C8FC0F3823}.Debug|Any CPU.Build.0 = Debug|Any CPU
		{1248C329-6CC4-4E29-830A-92C8FC0F3823}.Release|Any CPU.ActiveCfg = Release|Any CPU
		{1248C329-6CC4-4E29-830A-92C8FC0F3823}.Release|Any CPU.Build.0 = Release|Any CPU
		{606F484E-F0C0-4D6D-A4C0-67A124F16186}.Debug|Any CPU.ActiveCfg = Debug|Any CPU
		{606F484E-F0C0-4D6D-A4C0-67A124F16186}.Debug|Any CPU.Build.0 = Debug|Any CPU
		{606F484E-F0C0-4D6D-A4C0-67A124F16186}.Release|Any CPU.ActiveCfg = Release|Any CPU
		{606F484E-F0C0-4D6D-A4C0-67A124F16186}.Release|Any CPU.Build.0 = Release|Any CPU
	EndGlobalSection
	GlobalSection(SolutionProperties) = preSolution
		HideSolutionNode = FALSE
	EndGlobalSection
	GlobalSection(ExtensibilityGlobals) = postSolution
		SolutionGuid = {BDBBC598-C958-42F3-9A01-35D917FADCC7}
	EndGlobalSection
EndGlobal
